
Microsoft Visual Studio Solution File, Format Version 11.00
# Visual Studio 2010
Project("{D2ABAB84-BF74-430A-B69E-9DC6D40DDA17}") = "CarSales_CUBE", "CarSales_OLAP\CarSales_CUBE.dwproj", "{F4A5C4DB-BCF9-48BB-8C8E-74FC87D3C10B}"
EndProject
Global
	GlobalSection(SolutionConfigurationPlatforms) = preSolution
		Development|Default = Development|Default
	EndGlobalSection
	GlobalSection(ProjectConfigurationPlatforms) = postSolution
		{F4A5C4DB-BCF9-48BB-8C8E-74FC87D3C10B}.Development|Default.ActiveCfg = Development
		{F4A5C4DB-BCF9-48BB-8C8E-74FC87D3C10B}.Development|Default.Build.0 = Development
		{F4A5C4DB-BCF9-48BB-8C8E-74FC87D3C10B}.Development|Default.Deploy.0 = Development
	EndGlobalSection
	GlobalSection(SolutionProperties) = preSolution
		HideSolutionNode = FALSE
	EndGlobalSection
EndGlobal
